
Microsoft Visual Studio Solution File, Format Version 12.00
# Visual Studio Version 17
VisualStudioVersion = 17.3.32929.385
MinimumVisualStudioVersion = 10.0.40219.1
Project("{8BC9CEB8-8B4A-11D0-8D11-00A0C91BC942}") = "Dynamic_Structures_data", "Dynamic_Structures_data\Dynamic_Structures_data.vcxproj", "{605242F6-35F8-4EFC-8140-B32B4841E04D}"
EndProject
Global
	GlobalSection(SolutionConfigurationPlatforms) = preSolution
		Debug|x64 = Debug|x64
		Debug|x86 = Debug|x86
		Release|x64 = Release|x64
		Release|x86 = Release|x86
	EndGlobalSection
	GlobalSection(ProjectConfigurationPlatforms) = postSolution
		{605242F6-35F8-4EFC-8140-B32B4841E04D}.Debug|x64.ActiveCfg = Debug|x64
		{605242F6-35F8-4EFC-8140-B32B4841E04D}.Debug|x64.Build.0 = Debug|x64
		{605242F6-35F8-4EFC-8140-B32B4841E04D}.Debug|x86.ActiveCfg = Debug|Win32
		{605242F6-35F8-4EFC-8140-B32B4841E04D}.Debug|x86.Build.0 = Debug|Win32
		{605242F6-35F8-4EFC-8140-B32B4841E04D}.Release|x64.ActiveCfg = Release|x64
		{605242F6-35F8-4EFC-8140-B32B4841E04D}.Release|x64.Build.0 = Release|x64
		{605242F6-35F8-4EFC-8140-B32B4841E04D}.Release|x86.ActiveCfg = Release|Win32
		{605242F6-35F8-4EFC-8140-B32B4841E04D}.Release|x86.Build.0 = Release|Win32
	EndGlobalSection
	GlobalSection(SolutionProperties) = preSolution
		HideSolutionNode = FALSE
	EndGlobalSection
	GlobalSection(ExtensibilityGlobals) = postSolution
		SolutionGuid = {991DEAF0-5A9F-4E4C-9887-F9B80B8A7D17}
	EndGlobalSection
EndGlobal
